
Microsoft Visual Studio Solution File, Format Version 12.00
# Visual Studio Version 16
VisualStudioVersion = 16.0.30413.136
MinimumVisualStudioVersion = 10.0.40219.1
Project("{FAE04EC0-301F-11D3-BF4B-00C04F79EFBC}") = "PasswordEncryption", "PasswordEncryption\PasswordEncryption.csproj", "{033FF5DD-DF30-4D31-B5F1-A6C55E3F0AF6}"
EndProject
Global
	GlobalSection(SolutionConfigurationPlatforms) = preSolution
		Debug|Any CPU = Debug|Any CPU
		Release|Any CPU = Release|Any CPU
	EndGlobalSection
	GlobalSection(ProjectConfigurationPlatforms) = postSolution
		{033FF5DD-DF30-4D31-B5F1-A6C55E3F0AF6}.Debug|Any CPU.ActiveCfg = Debug|Any CPU
		{033FF5DD-DF30-4D31-B5F1-A6C55E3F0AF6}.Debug|Any CPU.Build.0 = Debug|Any CPU
		{033FF5DD-DF30-4D31-B5F1-A6C55E3F0AF6}.Release|Any CPU.ActiveCfg = Release|Any CPU
		{033FF5DD-DF30-4D31-B5F1-A6C55E3F0AF6}.Release|Any CPU.Build.0 = Release|Any CPU
	EndGlobalSection
	GlobalSection(SolutionProperties) = preSolution
		HideSolutionNode = FALSE
	EndGlobalSection
	GlobalSection(ExtensibilityGlobals) = postSolution
		SolutionGuid = {FCF72E7E-D0CE-4A64-A840-C51A854A12A2}
	EndGlobalSection
EndGlobal
